
Microsoft Visual Studio Solution File, Format Version 12.00
# Visual Studio Version 17
VisualStudioVersion = 17.14.36203.30
MinimumVisualStudioVersion = 10.0.40219.1
Project("{FAE04EC0-301F-11D3-BF4B-00C04F79EFBC}") = "AzureFunction", "AzureFunction\AzureFunction.csproj", "{8866DD61-A0F9-4479-A2C3-069378D82BA0}"
EndProject
Project("{FAE04EC0-301F-11D3-BF4B-00C04F79EFBC}") = "AzureFunction.Tests", "AzureFunction.Tests\AzureFunction.Tests.csproj", "{E1ED3332-EEDB-4376-9D41-4D2B1295DF96}"
EndProject
Global
	GlobalSection(SolutionConfigurationPlatforms) = preSolution
		Debug|Any CPU = Debug|Any CPU
		Release|Any CPU = Release|Any CPU
	EndGlobalSection
	GlobalSection(ProjectConfigurationPlatforms) = postSolution
		{8866DD61-A0F9-4479-A2C3-069378D82BA0}.Debug|Any CPU.ActiveCfg = Debug|Any CPU
		{8866DD61-A0F9-4479-A2C3-069378D82BA0}.Debug|Any CPU.Build.0 = Debug|Any CPU
		{8866DD61-A0F9-4479-A2C3-069378D82BA0}.Release|Any CPU.ActiveCfg = Release|Any CPU
		{8866DD61-A0F9-4479-A2C3-069378D82BA0}.Release|Any CPU.Build.0 = Release|Any CPU
		{E1ED3332-EEDB-4376-9D41-4D2B1295DF96}.Debug|Any CPU.ActiveCfg = Debug|Any CPU
		{E1ED3332-EEDB-4376-9D41-4D2B1295DF96}.Debug|Any CPU.Build.0 = Debug|Any CPU
		{E1ED3332-EEDB-4376-9D41-4D2B1295DF96}.Release|Any CPU.ActiveCfg = Release|Any CPU
		{E1ED3332-EEDB-4376-9D41-4D2B1295DF96}.Release|Any CPU.Build.0 = Release|Any CPU
	EndGlobalSection
	GlobalSection(SolutionProperties) = preSolution
		HideSolutionNode = FALSE
	EndGlobalSection
	GlobalSection(ExtensibilityGlobals) = postSolution
		SolutionGuid = {1DC63F32-5375-4774-A693-96168FD00A27}
	EndGlobalSection
EndGlobal
